// !$*UTF8*$!
{
	archiveVersion = 1;
	classes = {
	};
	objectVersion = 50;
	objects = {

/* Begin PBXBuildFile section */
		432160BE24E73E6F003AD78E /* CurrencyField.swift in Sources */ = {isa = PBXBuildFile; fileRef = 432160BD24E73E6F003AD78E /* CurrencyField.swift */; };
		434C037924E659D900CC1755 /* Borrower.swift in Sources */ = {isa = PBXBuildFile; fileRef = 434C037824E659D900CC1755 /* Borrower.swift */; };
		434C037C24E682B800CC1755 /* BorrowerTableViewCell.swift in Sources */ = {isa = PBXBuildFile; fileRef = 434C037B24E682B800CC1755 /* BorrowerTableViewCell.swift */; };
		43C1CE2F24E5CD8C002485B4 /* AppDelegate.swift in Sources */ = {isa = PBXBuildFile; fileRef = 43C1CE2E24E5CD8C002485B4 /* AppDelegate.swift */; };
		43C1CE3124E5CD8C002485B4 /* SceneDelegate.swift in Sources */ = {isa = PBXBuildFile; fileRef = 43C1CE3024E5CD8C002485B4 /* SceneDelegate.swift */; };
		43C1CE3324E5CD8C002485B4 /* TableViewController.swift in Sources */ = {isa = PBXBuildFile; fileRef = 43C1CE3224E5CD8C002485B4 /* TableViewController.swift */; };
		43C1CE3624E5CD8C002485B4 /* Main.storyboard in Resources */ = {isa = PBXBuildFile; fileRef = 43C1CE3424E5CD8C002485B4 /* Main.storyboard */; };
		43C1CE3924E5CD8C002485B4 /* YouOweMe.xcdatamodeld in Sources */ = {isa = PBXBuildFile; fileRef = 43C1CE3724E5CD8C002485B4 /* YouOweMe.xcdatamodeld */; };
		43C1CE3B24E5CD8D002485B4 /* Assets.xcassets in Resources */ = {isa = PBXBuildFile; fileRef = 43C1CE3A24E5CD8D002485B4 /* Assets.xcassets */; };
		43C1CE3E24E5CD8D002485B4 /* LaunchScreen.storyboard in Resources */ = {isa = PBXBuildFile; fileRef = 43C1CE3C24E5CD8D002485B4 /* LaunchScreen.storyboard */; };
		43C1CE4A24E648CF002485B4 /* NewBorrowerViewController.swift in Sources */ = {isa = PBXBuildFile; fileRef = 43C1CE4924E648CF002485B4 /* NewBorrowerViewController.swift */; };
		43CBC76024E79E08008C8640 /* Utilities.swift in Sources */ = {isa = PBXBuildFile; fileRef = 43CBC75F24E79E08008C8640 /* Utilities.swift */; };
		43CBC76224E7A26E008C8640 /* ImageRequest.swift in Sources */ = {isa = PBXBuildFile; fileRef = 43CBC76124E7A26E008C8640 /* ImageRequest.swift */; };
/* End PBXBuildFile section */

/* Begin PBXFileReference section */
		432160BD24E73E6F003AD78E /* CurrencyField.swift */ = {isa = PBXFileReference; lastKnownFileType = sourcecode.swift; path = CurrencyField.swift; sourceTree = "<group>"; };
		434C037824E659D900CC1755 /* Borrower.swift */ = {isa = PBXFileReference; lastKnownFileType = sourcecode.swift; path = Borrower.swift; sourceTree = "<group>"; };
		434C037B24E682B800CC1755 /* BorrowerTableViewCell.swift */ = {isa = PBXFileReference; lastKnownFileType = sourcecode.swift; path = BorrowerTableViewCell.swift; sourceTree = "<group>"; };
		43C1CE2B24E5CD8C002485B4 /* YouOweMe.app */ = {isa = PBXFileReference; explicitFileType = wrapper.application; includeInIndex = 0; path = YouOweMe.app; sourceTree = BUILT_PRODUCTS_DIR; };
		43C1CE2E24E5CD8C002485B4 /* AppDelegate.swift */ = {isa = PBXFileReference; lastKnownFileType = sourcecode.swift; path = AppDelegate.swift; sourceTree = "<group>"; };
		43C1CE3024E5CD8C002485B4 /* SceneDelegate.swift */ = {isa = PBXFileReference; lastKnownFileType = sourcecode.swift; path = SceneDelegate.swift; sourceTree = "<group>"; };
		43C1CE3224E5CD8C002485B4 /* TableViewController.swift */ = {isa = PBXFileReference; lastKnownFileType = sourcecode.swift; path = TableViewController.swift; sourceTree = "<group>"; };
		43C1CE3524E5CD8C002485B4 /* Base */ = {isa = PBXFileReference; lastKnownFileType = file.storyboard; name = Base; path = Base.lproj/Main.storyboard; sourceTree = "<group>"; };
		43C1CE3824E5CD8C002485B4 /* YouOweMe.xcdatamodel */ = {isa = PBXFileReference; lastKnownFileType = wrapper.xcdatamodel; path = YouOweMe.xcdatamodel; sourceTree = "<group>"; };
		43C1CE3A24E5CD8D002485B4 /* Assets.xcassets */ = {isa = PBXFileReference; lastKnownFileType = folder.assetcatalog; path = Assets.xcassets; sourceTree = "<group>"; };
		43C1CE3D24E5CD8D002485B4 /* Base */ = {isa = PBXFileReference; lastKnownFileType = file.storyboard; name = Base; path = Base.lproj/LaunchScreen.storyboard; sourceTree = "<group>"; };
		43C1CE3F24E5CD8D002485B4 /* Info.plist */ = {isa = PBXFileReference; lastKnownFileType = text.plist.xml; path = Info.plist; sourceTree = "<group>"; };
		43C1CE4924E648CF002485B4 /* NewBorrowerViewController.swift */ = {isa = PBXFileReference; lastKnownFileType = sourcecode.swift; path = NewBorrowerViewController.swift; sourceTree = "<group>"; };
		43CBC75F24E79E08008C8640 /* Utilities.swift */ = {isa = PBXFileReference; lastKnownFileType = sourcecode.swift; path = Utilities.swift; sourceTree = "<group>"; };
		43CBC76124E7A26E008C8640 /* ImageRequest.swift */ = {isa = PBXFileReference; lastKnownFileType = sourcecode.swift; path = ImageRequest.swift; sourceTree = "<group>"; };
/* End PBXFileReference section */

/* Begin PBXFrameworksBuildPhase section */
		43C1CE2824E5CD8C002485B4 /* Frameworks */ = {
			isa = PBXFrameworksBuildPhase;
			buildActionMask = 2147483647;
			files = (
			);
			runOnlyForDeploymentPostprocessing = 0;
		};
/* End PBXFrameworksBuildPhase section */

/* Begin PBXGroup section */
		437B711D24E7756B0062AFF5 /* View Controllers */ = {
			isa = PBXGroup;
			children = (
				43C1CE3224E5CD8C002485B4 /* TableViewController.swift */,
				43C1CE4924E648CF002485B4 /* NewBorrowerViewController.swift */,
			);
			path = "View Controllers";
			sourceTree = "<group>";
		};
		437B711E24E7758E0062AFF5 /* Models */ = {
			isa = PBXGroup;
			children = (
				434C037824E659D900CC1755 /* Borrower.swift */,
				434C037B24E682B800CC1755 /* BorrowerTableViewCell.swift */,
				432160BD24E73E6F003AD78E /* CurrencyField.swift */,
				43CBC76124E7A26E008C8640 /* ImageRequest.swift */,
			);
			path = Models;
			sourceTree = "<group>";
		};
		437B711F24E775A80062AFF5 /* Storyboards */ = {
			isa = PBXGroup;
			children = (
				43C1CE3424E5CD8C002485B4 /* Main.storyboard */,
				43C1CE3C24E5CD8D002485B4 /* LaunchScreen.storyboard */,
			);
			path = Storyboards;
			sourceTree = "<group>";
		};
		43C1CE2224E5CD8C002485B4 = {
			isa = PBXGroup;
			children = (
				43C1CE2D24E5CD8C002485B4 /* YouOweMe */,
				43C1CE2C24E5CD8C002485B4 /* Products */,
			);
			sourceTree = "<group>";
		};
		43C1CE2C24E5CD8C002485B4 /* Products */ = {
			isa = PBXGroup;
			children = (
				43C1CE2B24E5CD8C002485B4 /* YouOweMe.app */,
			);
			name = Products;
			sourceTree = "<group>";
		};
		43C1CE2D24E5CD8C002485B4 /* YouOweMe */ = {
			isa = PBXGroup;
			children = (
				43C1CE2E24E5CD8C002485B4 /* AppDelegate.swift */,
				43C1CE3024E5CD8C002485B4 /* SceneDelegate.swift */,
				43CBC75F24E79E08008C8640 /* Utilities.swift */,
				437B711E24E7758E0062AFF5 /* Models */,
				437B711D24E7756B0062AFF5 /* View Controllers */,
				437B711F24E775A80062AFF5 /* Storyboards */,
				43C1CE3A24E5CD8D002485B4 /* Assets.xcassets */,
				43C1CE3F24E5CD8D002485B4 /* Info.plist */,
				43C1CE3724E5CD8C002485B4 /* YouOweMe.xcdatamodeld */,
			);
			path = YouOweMe;
			sourceTree = "<group>";
		};
/* End PBXGroup section */

/* Begin PBXNativeTarget section */
		43C1CE2A24E5CD8C002485B4 /* YouOweMe */ = {
			isa = PBXNativeTarget;
			buildConfigurationList = 43C1CE4224E5CD8D002485B4 /* Build configuration list for PBXNativeTarget "YouOweMe" */;
			buildPhases = (
				43C1CE2724E5CD8C002485B4 /* Sources */,
				43C1CE2824E5CD8C002485B4 /* Frameworks */,
				43C1CE2924E5CD8C002485B4 /* Resources */,
			);
			buildRules = (
			);
			dependencies = (
			);
			name = YouOweMe;
			productName = YouOweMe;
			productReference = 43C1CE2B24E5CD8C002485B4 /* YouOweMe.app */;
			productType = "com.apple.product-type.application";
		};
/* End PBXNativeTarget section */

/* Begin PBXProject section */
		43C1CE2324E5CD8C002485B4 /* Project object */ = {
			isa = PBXProject;
			attributes = {
				LastSwiftUpdateCheck = 1160;
				LastUpgradeCheck = 1160;
				ORGANIZATIONNAME = "Andrew Lvovsky";
				TargetAttributes = {
					43C1CE2A24E5CD8C002485B4 = {
						CreatedOnToolsVersion = 11.6;
					};
				};
			};
			buildConfigurationList = 43C1CE2624E5CD8C002485B4 /* Build configuration list for PBXProject "YouOweMe" */;
			compatibilityVersion = "Xcode 9.3";
			developmentRegion = en;
			hasScannedForEncodings = 0;
			knownRegions = (
				en,
				Base,
			);
			mainGroup = 43C1CE2224E5CD8C002485B4;
			productRefGroup = 43C1CE2C24E5CD8C002485B4 /* Products */;
			projectDirPath = "";
			projectRoot = "";
			targets = (
				43C1CE2A24E5CD8C002485B4 /* YouOweMe */,
			);
		};
/* End PBXProject section */

/* Begin PBXResourcesBuildPhase section */
		43C1CE2924E5CD8C002485B4 /* Resources */ = {
			isa = PBXResourcesBuildPhase;
			buildActionMask = 2147483647;
			files = (
				43C1CE3E24E5CD8D002485B4 /* LaunchScreen.storyboard in Resources */,
				43C1CE3B24E5CD8D002485B4 /* Assets.xcassets in Resources */,
				43C1CE3624E5CD8C002485B4 /* Main.storyboard in Resources */,
			);
			runOnlyForDeploymentPostprocessing = 0;
		};
/* End PBXResourcesBuildPhase section */

/* Begin PBXSourcesBuildPhase section */
		43C1CE2724E5CD8C002485B4 /* Sources */ = {
			isa = PBXSourcesBuildPhase;
			buildActionMask = 2147483647;
			files = (
				43C1CE3324E5CD8C002485B4 /* TableViewController.swift in Sources */,
				43C1CE2F24E5CD8C002485B4 /* AppDelegate.swift in Sources */,
				43C1CE3124E5CD8C002485B4 /* SceneDelegate.swift in Sources */,
				434C037C24E682B800CC1755 /* BorrowerTableViewCell.swift in Sources */,
				43C1CE4A24E648CF002485B4 /* NewBorrowerViewController.swift in Sources */,
				432160BE24E73E6F003AD78E /* CurrencyField.swift in Sources */,
				43CBC76024E79E08008C8640 /* Utilities.swift in Sources */,
				43C1CE3924E5CD8C002485B4 /* YouOweMe.xcdatamodeld in Sources */,
				434C037924E659D900CC1755 /* Borrower.swift in Sources */,
				43CBC76224E7A26E008C8640 /* ImageRequest.swift in Sources */,
			);
			runOnlyForDeploymentPostprocessing = 0;
		};
/* End PBXSourcesBuildPhase section */

/* Begin PBXVariantGroup section */
		43C1CE3424E5CD8C002485B4 /* Main.storyboard */ = {
			isa = PBXVariantGroup;
			children = (
				43C1CE3524E5CD8C002485B4 /* Base */,
			);
			name = Main.storyboard;
			sourceTree = "<group>";
		};
		43C1CE3C24E5CD8D002485B4 /* LaunchScreen.storyboard */ = {
			isa = PBXVariantGroup;
			children = (
				43C1CE3D24E5CD8D002485B4 /* Base */,
			);
			name = LaunchScreen.storyboard;
			sourceTree = "<group>";
		};
/* End PBXVariantGroup section */

/* Begin XCBuildConfiguration section */
		43C1CE4024E5CD8D002485B4 /* Debug */ = {
			isa = XCBuildConfiguration;
			buildSettings = {
				ALWAYS_SEARCH_USER_PATHS = NO;
				CLANG_ANALYZER_NONNULL = YES;
				CLANG_ANALYZER_NUMBER_OBJECT_CONVERSION = YES_AGGRESSIVE;
				CLANG_CXX_LANGUAGE_STANDARD = "gnu++14";
				CLANG_CXX_LIBRARY = "libc++";
				CLANG_ENABLE_MODULES = YES;
				CLANG_ENABLE_OBJC_ARC = YES;
				CLANG_ENABLE_OBJC_WEAK = YES;
				CLANG_WARN_BLOCK_CAPTURE_AUTORELEASING = YES;
				CLANG_WARN_BOOL_CONVERSION = YES;
				CLANG_WARN_COMMA = YES;
				CLANG_WARN_CONSTANT_CONVERSION = YES;
				CLANG_WARN_DEPRECATED_OBJC_IMPLEMENTATIONS = YES;
				CLANG_WARN_DIRECT_OBJC_ISA_USAGE = YES_ERROR;
				CLANG_WARN_DOCUMENTATION_COMMENTS = YES;
				CLANG_WARN_EMPTY_BODY = YES;
				CLANG_WARN_ENUM_CONVERSION = YES;
				CLANG_WARN_INFINITE_RECURSION = YES;
				CLANG_WARN_INT_CONVERSION = YES;
				CLANG_WARN_NON_LITERAL_NULL_CONVERSION = YES;
				CLANG_WARN_OBJC_IMPLICIT_RETAIN_SELF = YES;
				CLANG_WARN_OBJC_LITERAL_CONVERSION = YES;
				CLANG_WARN_OBJC_ROOT_CLASS = YES_ERROR;
				CLANG_WARN_RANGE_LOOP_ANALYSIS = YES;
				CLANG_WARN_STRICT_PROTOTYPES = YES;
				CLANG_WARN_SUSPICIOUS_MOVE = YES;
				CLANG_WARN_UNGUARDED_AVAILABILITY = YES_AGGRESSIVE;
				CLANG_WARN_UNREACHABLE_CODE = YES;
				CLANG_WARN__DUPLICATE_METHOD_MATCH = YES;
				COPY_PHASE_STRIP = NO;
				DEBUG_INFORMATION_FORMAT = dwarf;
				ENABLE_STRICT_OBJC_MSGSEND = YES;
				ENABLE_TESTABILITY = YES;
				GCC_C_LANGUAGE_STANDARD = gnu11;
				GCC_DYNAMIC_NO_PIC = NO;
				GCC_NO_COMMON_BLOCKS = YES;
				GCC_OPTIMIZATION_LEVEL = 0;
				GCC_PREPROCESSOR_DEFINITIONS = (
					"DEBUG=1",
					"$(inherited)",
				);
				GCC_WARN_64_TO_32_BIT_CONVERSION = YES;
				GCC_WARN_ABOUT_RETURN_TYPE = YES_ERROR;
				GCC_WARN_UNDECLARED_SELECTOR = YES;
				GCC_WARN_UNINITIALIZED_AUTOS = YES_AGGRESSIVE;
				GCC_WARN_UNUSED_FUNCTION = YES;
				GCC_WARN_UNUSED_VARIABLE = YES;
				IPHONEOS_DEPLOYMENT_TARGET = 13.6;
				MTL_ENABLE_DEBUG_INFO = INCLUDE_SOURCE;
				MTL_FAST_MATH = YES;
				ONLY_ACTIVE_ARCH = YES;
				SDKROOT = iphoneos;
				SWIFT_ACTIVE_COMPILATION_CONDITIONS = DEBUG;
				SWIFT_OPTIMIZATION_LEVEL = "-Onone";
			};
			name = Debug;
		};
		43C1CE4124E5CD8D002485B4 /* Release */ = {
			isa = XCBuildConfiguration;
			buildSettings = {
				ALWAYS_SEARCH_USER_PATHS = NO;
				CLANG_ANALYZER_NONNULL = YES;
				CLANG_ANALYZER_NUMBER_OBJECT_CONVERSION = YES_AGGRESSIVE;
				CLANG_CXX_LANGUAGE_STANDARD = "gnu++14";
				CLANG_CXX_LIBRARY = "libc++";
				CLANG_ENABLE_MODULES = YES;
				CLANG_ENABLE_OBJC_ARC = YES;
				CLANG_ENABLE_OBJC_WEAK = YES;
				CLANG_WARN_BLOCK_CAPTURE_AUTORELEASING = YES;
				CLANG_WARN_BOOL_CONVERSION = YES;
				CLANG_WARN_COMMA = YES;
				CLANG_WARN_CONSTANT_CONVERSION = YES;
				CLANG_WARN_DEPRECATED_OBJC_IMPLEMENTATIONS = YES;
				CLANG_WARN_DIRECT_OBJC_ISA_USAGE = YES_ERROR;
				CLANG_WARN_DOCUMENTATION_COMMENTS = YES;
				CLANG_WARN_EMPTY_BODY = YES;
				CLANG_WARN_ENUM_CONVERSION = YES;
				CLANG_WARN_INFINITE_RECURSION = YES;
				CLANG_WARN_INT_CONVERSION = YES;
				CLANG_WARN_NON_LITERAL_NULL_CONVERSION = YES;
				CLANG_WARN_OBJC_IMPLICIT_RETAIN_SELF = YES;
				CLANG_WARN_OBJC_LITERAL_CONVERSION = YES;
				CLANG_WARN_OBJC_ROOT_CLASS = YES_ERROR;
				CLANG_WARN_RANGE_LOOP_ANALYSIS = YES;
				CLANG_WARN_STRICT_PROTOTYPES = YES;
				CLANG_WARN_SUSPICIOUS_MOVE = YES;
				CLANG_WARN_UNGUARDED_AVAILABILITY = YES_AGGRESSIVE;
				CLANG_WARN_UNREACHABLE_CODE = YES;
				CLANG_WARN__DUPLICATE_METHOD_MATCH = YES;
				COPY_PHASE_STRIP = NO;
				DEBUG_INFORMATION_FORMAT = "dwarf-with-dsym";
				ENABLE_NS_ASSERTIONS = NO;
				ENABLE_STRICT_OBJC_MSGSEND = YES;
				GCC_C_LANGUAGE_STANDARD = gnu11;
				GCC_NO_COMMON_BLOCKS = YES;
				GCC_WARN_64_TO_32_BIT_CONVERSION = YES;
				GCC_WARN_ABOUT_RETURN_TYPE = YES_ERROR;
				GCC_WARN_UNDECLARED_SELECTOR = YES;
				GCC_WARN_UNINITIALIZED_AUTOS = YES_AGGRESSIVE;
				GCC_WARN_UNUSED_FUNCTION = YES;
				GCC_WARN_UNUSED_VARIABLE = YES;
				IPHONEOS_DEPLOYMENT_TARGET = 13.6;
				MTL_ENABLE_DEBUG_INFO = NO;
				MTL_FAST_MATH = YES;
				SDKROOT = iphoneos;
				SWIFT_COMPILATION_MODE = wholemodule;
				SWIFT_OPTIMIZATION_LEVEL = "-O";
				VALIDATE_PRODUCT = YES;
			};
			name = Release;
		};
		43C1CE4324E5CD8D002485B4 /* Debug */ = {
			isa = XCBuildConfiguration;
			buildSettings = {
				ASSETCATALOG_COMPILER_APPICON_NAME = AppIcon;
				CODE_SIGN_STYLE = Automatic;
				DEVELOPMENT_TEAM = Z4V74C49Z2;
				INFOPLIST_FILE = YouOweMe/Info.plist;
				IPHONEOS_DEPLOYMENT_TARGET = 13.6;
				LD_RUNPATH_SEARCH_PATHS = (
					"$(inherited)",
					"@executable_path/Frameworks",
				);
				PRODUCT_BUNDLE_IDENTIFIER = com.andrewlvovsky.YouOweMe;
				PRODUCT_NAME = "$(TARGET_NAME)";
				SWIFT_VERSION = 5.0;
				TARGETED_DEVICE_FAMILY = 1;
			};
			name = Debug;
		};
		43C1CE4424E5CD8D002485B4 /* Release */ = {
			isa = XCBuildConfiguration;
			buildSettings = {
				ASSETCATALOG_COMPILER_APPICON_NAME = AppIcon;
				CODE_SIGN_STYLE = Automatic;
				DEVELOPMENT_TEAM = Z4V74C49Z2;
				INFOPLIST_FILE = YouOweMe/Info.plist;
				IPHONEOS_DEPLOYMENT_TARGET = 13.6;
				LD_RUNPATH_SEARCH_PATHS = (
					"$(inherited)",
					"@executable_path/Frameworks",
				);
				PRODUCT_BUNDLE_IDENTIFIER = com.andrewlvovsky.YouOweMe;
				PRODUCT_NAME = "$(TARGET_NAME)";
				SWIFT_VERSION = 5.0;
				TARGETED_DEVICE_FAMILY = 1;
			};
			name = Release;
		};
/* End XCBuildConfiguration section */

/* Begin XCConfigurationList section */
		43C1CE2624E5CD8C002485B4 /* Build configuration list for PBXProject "YouOweMe" */ = {
			isa = XCConfigurationList;
			buildConfigurations = (
				43C1CE4024E5CD8D002485B4 /* Debug */,
				43C1CE4124E5CD8D002485B4 /* Release */,
			);
			defaultConfigurationIsVisible = 0;
			defaultConfigurationName = Release;
		};
		43C1CE4224E5CD8D002485B4 /* Build configuration list for PBXNativeTarget "YouOweMe" */ = {
			isa = XCConfigurationList;
			buildConfigurations = (
				43C1CE4324E5CD8D002485B4 /* Debug */,
				43C1CE4424E5CD8D002485B4 /* Release */,
			);
			defaultConfigurationIsVisible = 0;
			defaultConfigurationName = Release;
		};
/* End XCConfigurationList section */

/* Begin XCVersionGroup section */
		43C1CE3724E5CD8C002485B4 /* YouOweMe.xcdatamodeld */ = {
			isa = XCVersionGroup;
			children = (
				43C1CE3824E5CD8C002485B4 /* YouOweMe.xcdatamodel */,
			);
			currentVersion = 43C1CE3824E5CD8C002485B4 /* YouOweMe.xcdatamodel */;
			path = YouOweMe.xcdatamodeld;
			sourceTree = "<group>";
			versionGroupType = wrapper.xcdatamodel;
		};
/* End XCVersionGroup section */
	};
	rootObject = 43C1CE2324E5CD8C002485B4 /* Project object */;
}
